// !$*UTF8*$!
{
	archiveVersion = 1;
	classes = {
	};
	objectVersion = 55;
	objects = {

/* Begin PBXBuildFile section */
		522F785B28C6069F005A5429 /* EntryDetails.swift in Sources */ = {isa = PBXBuildFile; fileRef = 522F785A28C6069F005A5429 /* EntryDetails.swift */; };
		524CA33E28BFFEB100B7A9BC /* Self_ReflectionApp.swift in Sources */ = {isa = PBXBuildFile; fileRef = 524CA33D28BFFEB100B7A9BC /* Self_ReflectionApp.swift */; };
		524CA34028BFFEB100B7A9BC /* ContentView.swift in Sources */ = {isa = PBXBuildFile; fileRef = 524CA33F28BFFEB100B7A9BC /* ContentView.swift */; };
		524CA34228BFFEB100B7A9BC /* Assets.xcassets in Resources */ = {isa = PBXBuildFile; fileRef = 524CA34128BFFEB100B7A9BC /* Assets.xcassets */; };
		524CA34528BFFEB100B7A9BC /* Preview Assets.xcassets in Resources */ = {isa = PBXBuildFile; fileRef = 524CA34428BFFEB100B7A9BC /* Preview Assets.xcassets */; };
		524CA35028BFFFB300B7A9BC /* Entry.swift in Sources */ = {isa = PBXBuildFile; fileRef = 524CA34F28BFFFB300B7A9BC /* Entry.swift */; };
		524CA35228BFFFBC00B7A9BC /* Entries.swift in Sources */ = {isa = PBXBuildFile; fileRef = 524CA35128BFFFBC00B7A9BC /* Entries.swift */; };
		524CA35428C0013700B7A9BC /* User.swift in Sources */ = {isa = PBXBuildFile; fileRef = 524CA35328C0013700B7A9BC /* User.swift */; };
		524CA35828C0042400B7A9BC /* Profile.swift in Sources */ = {isa = PBXBuildFile; fileRef = 524CA35728C0042400B7A9BC /* Profile.swift */; };
		52BE699628C4E4E8001E2723 /* NewEntry.swift in Sources */ = {isa = PBXBuildFile; fileRef = 52BE699528C4E4E8001E2723 /* NewEntry.swift */; };
/* End PBXBuildFile section */

/* Begin PBXFileReference section */
		522F785A28C6069F005A5429 /* EntryDetails.swift */ = {isa = PBXFileReference; lastKnownFileType = sourcecode.swift; path = EntryDetails.swift; sourceTree = "<group>"; };
		524CA33A28BFFEB100B7A9BC /* Self Reflection.app */ = {isa = PBXFileReference; explicitFileType = wrapper.application; includeInIndex = 0; path = "Self Reflection.app"; sourceTree = BUILT_PRODUCTS_DIR; };
		524CA33D28BFFEB100B7A9BC /* Self_ReflectionApp.swift */ = {isa = PBXFileReference; lastKnownFileType = sourcecode.swift; path = Self_ReflectionApp.swift; sourceTree = "<group>"; };
		524CA33F28BFFEB100B7A9BC /* ContentView.swift */ = {isa = PBXFileReference; lastKnownFileType = sourcecode.swift; path = ContentView.swift; sourceTree = "<group>"; };
		524CA34128BFFEB100B7A9BC /* Assets.xcassets */ = {isa = PBXFileReference; lastKnownFileType = folder.assetcatalog; path = Assets.xcassets; sourceTree = "<group>"; };
		524CA34428BFFEB100B7A9BC /* Preview Assets.xcassets */ = {isa = PBXFileReference; lastKnownFileType = folder.assetcatalog; path = "Preview Assets.xcassets"; sourceTree = "<group>"; };
		524CA34F28BFFFB300B7A9BC /* Entry.swift */ = {isa = PBXFileReference; lastKnownFileType = sourcecode.swift; path = Entry.swift; sourceTree = "<group>"; };
		524CA35128BFFFBC00B7A9BC /* Entries.swift */ = {isa = PBXFileReference; lastKnownFileType = sourcecode.swift; path = Entries.swift; sourceTree = "<group>"; };
		524CA35328C0013700B7A9BC /* User.swift */ = {isa = PBXFileReference; lastKnownFileType = sourcecode.swift; path = User.swift; sourceTree = "<group>"; };
		524CA35728C0042400B7A9BC /* Profile.swift */ = {isa = PBXFileReference; lastKnownFileType = sourcecode.swift; path = Profile.swift; sourceTree = "<group>"; };
		52BE699528C4E4E8001E2723 /* NewEntry.swift */ = {isa = PBXFileReference; lastKnownFileType = sourcecode.swift; path = NewEntry.swift; sourceTree = "<group>"; };
/* End PBXFileReference section */

/* Begin PBXFrameworksBuildPhase section */
		524CA33728BFFEB100B7A9BC /* Frameworks */ = {
			isa = PBXFrameworksBuildPhase;
			buildActionMask = 2147483647;
			files = (
			);
			runOnlyForDeploymentPostprocessing = 0;
		};
/* End PBXFrameworksBuildPhase section */

/* Begin PBXGroup section */
		524CA33128BFFEB100B7A9BC = {
			isa = PBXGroup;
			children = (
				524CA33C28BFFEB100B7A9BC /* Self Reflection */,
				524CA33B28BFFEB100B7A9BC /* Products */,
			);
			sourceTree = "<group>";
		};
		524CA33B28BFFEB100B7A9BC /* Products */ = {
			isa = PBXGroup;
			children = (
				524CA33A28BFFEB100B7A9BC /* Self Reflection.app */,
			);
			name = Products;
			sourceTree = "<group>";
		};
		524CA33C28BFFEB100B7A9BC /* Self Reflection */ = {
			isa = PBXGroup;
			children = (
				524CA34E28BFFF6E00B7A9BC /* Model */,
				524CA34D28BFFF6300B7A9BC /* Views */,
				524CA33F28BFFEB100B7A9BC /* ContentView.swift */,
				524CA33D28BFFEB100B7A9BC /* Self_ReflectionApp.swift */,
				524CA34128BFFEB100B7A9BC /* Assets.xcassets */,
				524CA34328BFFEB100B7A9BC /* Preview Content */,
			);
			path = "Self Reflection";
			sourceTree = "<group>";
		};
		524CA34328BFFEB100B7A9BC /* Preview Content */ = {
			isa = PBXGroup;
			children = (
				524CA34428BFFEB100B7A9BC /* Preview Assets.xcassets */,
			);
			path = "Preview Content";
			sourceTree = "<group>";
		};
		524CA34D28BFFF6300B7A9BC /* Views */ = {
			isa = PBXGroup;
			children = (
				524CA35728C0042400B7A9BC /* Profile.swift */,
				52BE699528C4E4E8001E2723 /* NewEntry.swift */,
				522F785A28C6069F005A5429 /* EntryDetails.swift */,
			);
			path = Views;
			sourceTree = "<group>";
		};
		524CA34E28BFFF6E00B7A9BC /* Model */ = {
			isa = PBXGroup;
			children = (
				524CA34F28BFFFB300B7A9BC /* Entry.swift */,
				524CA35128BFFFBC00B7A9BC /* Entries.swift */,
				524CA35328C0013700B7A9BC /* User.swift */,
			);
			path = Model;
			sourceTree = "<group>";
		};
/* End PBXGroup section */

/* Begin PBXNativeTarget section */
		524CA33928BFFEB100B7A9BC /* Self Reflection */ = {
			isa = PBXNativeTarget;
			buildConfigurationList = 524CA34828BFFEB100B7A9BC /* Build configuration list for PBXNativeTarget "Self Reflection" */;
			buildPhases = (
				524CA33628BFFEB100B7A9BC /* Sources */,
				524CA33728BFFEB100B7A9BC /* Frameworks */,
				524CA33828BFFEB100B7A9BC /* Resources */,
			);
			buildRules = (
			);
			dependencies = (
			);
			name = "Self Reflection";
			productName = "Self Reflection";
			productReference = 524CA33A28BFFEB100B7A9BC /* Self Reflection.app */;
			productType = "com.apple.product-type.application";
		};
/* End PBXNativeTarget section */

/* Begin PBXProject section */
		524CA33228BFFEB100B7A9BC /* Project object */ = {
			isa = PBXProject;
			attributes = {
				BuildIndependentTargetsInParallel = 1;
				LastSwiftUpdateCheck = 1340;
				LastUpgradeCheck = 1340;
				TargetAttributes = {
					524CA33928BFFEB100B7A9BC = {
						CreatedOnToolsVersion = 13.4;
					};
				};
			};
			buildConfigurationList = 524CA33528BFFEB100B7A9BC /* Build configuration list for PBXProject "Self Reflection" */;
			compatibilityVersion = "Xcode 13.0";
			developmentRegion = en;
			hasScannedForEncodings = 0;
			knownRegions = (
				en,
				Base,
			);
			mainGroup = 524CA33128BFFEB100B7A9BC;
			productRefGroup = 524CA33B28BFFEB100B7A9BC /* Products */;
			projectDirPath = "";
			projectRoot = "";
			targets = (
				524CA33928BFFEB100B7A9BC /* Self Reflection */,
			);
		};
/* End PBXProject section */

/* Begin PBXResourcesBuildPhase section */
		524CA33828BFFEB100B7A9BC /* Resources */ = {
			isa = PBXResourcesBuildPhase;
			buildActionMask = 2147483647;
			files = (
				524CA34528BFFEB100B7A9BC /* Preview Assets.xcassets in Resources */,
				524CA34228BFFEB100B7A9BC /* Assets.xcassets in Resources */,
			);
			runOnlyForDeploymentPostprocessing = 0;
		};
/* End PBXResourcesBuildPhase section */

/* Begin PBXSourcesBuildPhase section */
		524CA33628BFFEB100B7A9BC /* Sources */ = {
			isa = PBXSourcesBuildPhase;
			buildActionMask = 2147483647;
			files = (
				524CA35028BFFFB300B7A9BC /* Entry.swift in Sources */,
				524CA35828C0042400B7A9BC /* Profile.swift in Sources */,
				524CA34028BFFEB100B7A9BC /* ContentView.swift in Sources */,
				524CA35228BFFFBC00B7A9BC /* Entries.swift in Sources */,
				52BE699628C4E4E8001E2723 /* NewEntry.swift in Sources */,
				522F785B28C6069F005A5429 /* EntryDetails.swift in Sources */,
				524CA35428C0013700B7A9BC /* User.swift in Sources */,
				524CA33E28BFFEB100B7A9BC /* Self_ReflectionApp.swift in Sources */,
			);
			runOnlyForDeploymentPostprocessing = 0;
		};
/* End PBXSourcesBuildPhase section */

/* Begin XCBuildConfiguration section */
		524CA34628BFFEB100B7A9BC /* Debug */ = {
			isa = XCBuildConfiguration;
			buildSettings = {
				ALWAYS_SEARCH_USER_PATHS = NO;
				CLANG_ANALYZER_NONNULL = YES;
				CLANG_ANALYZER_NUMBER_OBJECT_CONVERSION = YES_AGGRESSIVE;
				CLANG_CXX_LANGUAGE_STANDARD = "gnu++17";
				CLANG_ENABLE_MODULES = YES;
				CLANG_ENABLE_OBJC_ARC = YES;
				CLANG_ENABLE_OBJC_WEAK = YES;
				CLANG_WARN_BLOCK_CAPTURE_AUTORELEASING = YES;
				CLANG_WARN_BOOL_CONVERSION = YES;
				CLANG_WARN_COMMA = YES;
				CLANG_WARN_CONSTANT_CONVERSION = YES;
				CLANG_WARN_DEPRECATED_OBJC_IMPLEMENTATIONS = YES;
				CLANG_WARN_DIRECT_OBJC_ISA_USAGE = YES_ERROR;
				CLANG_WARN_DOCUMENTATION_COMMENTS = YES;
				CLANG_WARN_EMPTY_BODY = YES;
				CLANG_WARN_ENUM_CONVERSION = YES;
				CLANG_WARN_INFINITE_RECURSION = YES;
				CLANG_WARN_INT_CONVERSION = YES;
				CLANG_WARN_NON_LITERAL_NULL_CONVERSION = YES;
				CLANG_WARN_OBJC_IMPLICIT_RETAIN_SELF = YES;
				CLANG_WARN_OBJC_LITERAL_CONVERSION = YES;
				CLANG_WARN_OBJC_ROOT_CLASS = YES_ERROR;
				CLANG_WARN_QUOTED_INCLUDE_IN_FRAMEWORK_HEADER = YES;
				CLANG_WARN_RANGE_LOOP_ANALYSIS = YES;
				CLANG_WARN_STRICT_PROTOTYPES = YES;
				CLANG_WARN_SUSPICIOUS_MOVE = YES;
				CLANG_WARN_UNGUARDED_AVAILABILITY = YES_AGGRESSIVE;
				CLANG_WARN_UNREACHABLE_CODE = YES;
				CLANG_WARN__DUPLICATE_METHOD_MATCH = YES;
				COPY_PHASE_STRIP = NO;
				DEBUG_INFORMATION_FORMAT = dwarf;
				ENABLE_STRICT_OBJC_MSGSEND = YES;
				ENABLE_TESTABILITY = YES;
				GCC_C_LANGUAGE_STANDARD = gnu11;
				GCC_DYNAMIC_NO_PIC = NO;
				GCC_NO_COMMON_BLOCKS = YES;
				GCC_OPTIMIZATION_LEVEL = 0;
				GCC_PREPROCESSOR_DEFINITIONS = (
					"DEBUG=1",
					"$(inherited)",
				);
				GCC_WARN_64_TO_32_BIT_CONVERSION = YES;
				GCC_WARN_ABOUT_RETURN_TYPE = YES_ERROR;
				GCC_WARN_UNDECLARED_SELECTOR = YES;
				GCC_WARN_UNINITIALIZED_AUTOS = YES_AGGRESSIVE;
				GCC_WARN_UNUSED_FUNCTION = YES;
				GCC_WARN_UNUSED_VARIABLE = YES;
				IPHONEOS_DEPLOYMENT_TARGET = 15.5;
				MTL_ENABLE_DEBUG_INFO = INCLUDE_SOURCE;
				MTL_FAST_MATH = YES;
				ONLY_ACTIVE_ARCH = YES;
				SDKROOT = iphoneos;
				SWIFT_ACTIVE_COMPILATION_CONDITIONS = DEBUG;
				SWIFT_OPTIMIZATION_LEVEL = "-Onone";
			};
			name = Debug;
		};
		524CA34728BFFEB100B7A9BC /* Release */ = {
			isa = XCBuildConfiguration;
			buildSettings = {
				ALWAYS_SEARCH_USER_PATHS = NO;
				CLANG_ANALYZER_NONNULL = YES;
				CLANG_ANALYZER_NUMBER_OBJECT_CONVERSION = YES_AGGRESSIVE;
				CLANG_CXX_LANGUAGE_STANDARD = "gnu++17";
				CLANG_ENABLE_MODULES = YES;
				CLANG_ENABLE_OBJC_ARC = YES;
				CLANG_ENABLE_OBJC_WEAK = YES;
				CLANG_WARN_BLOCK_CAPTURE_AUTORELEASING = YES;
				CLANG_WARN_BOOL_CONVERSION = YES;
				CLANG_WARN_COMMA = YES;
				CLANG_WARN_CONSTANT_CONVERSION = YES;
				CLANG_WARN_DEPRECATED_OBJC_IMPLEMENTATIONS = YES;
				CLANG_WARN_DIRECT_OBJC_ISA_USAGE = YES_ERROR;
				CLANG_WARN_DOCUMENTATION_COMMENTS = YES;
				CLANG_WARN_EMPTY_BODY = YES;
				CLANG_WARN_ENUM_CONVERSION = YES;
				CLANG_WARN_INFINITE_RECURSION = YES;
				CLANG_WARN_INT_CONVERSION = YES;
				CLANG_WARN_NON_LITERAL_NULL_CONVERSION = YES;
				CLANG_WARN_OBJC_IMPLICIT_RETAIN_SELF = YES;
				CLANG_WARN_OBJC_LITERAL_CONVERSION = YES;
				CLANG_WARN_OBJC_ROOT_CLASS = YES_ERROR;
				CLANG_WARN_QUOTED_INCLUDE_IN_FRAMEWORK_HEADER = YES;
				CLANG_WARN_RANGE_LOOP_ANALYSIS = YES;
				CLANG_WARN_STRICT_PROTOTYPES = YES;
				CLANG_WARN_SUSPICIOUS_MOVE = YES;
				CLANG_WARN_UNGUARDED_AVAILABILITY = YES_AGGRESSIVE;
				CLANG_WARN_UNREACHABLE_CODE = YES;
				CLANG_WARN__DUPLICATE_METHOD_MATCH = YES;
				COPY_PHASE_STRIP = NO;
				DEBUG_INFORMATION_FORMAT = "dwarf-with-dsym";
				ENABLE_NS_ASSERTIONS = NO;
				ENABLE_STRICT_OBJC_MSGSEND = YES;
				GCC_C_LANGUAGE_STANDARD = gnu11;
				GCC_NO_COMMON_BLOCKS = YES;
				GCC_WARN_64_TO_32_BIT_CONVERSION = YES;
				GCC_WARN_ABOUT_RETURN_TYPE = YES_ERROR;
				GCC_WARN_UNDECLARED_SELECTOR = YES;
				GCC_WARN_UNINITIALIZED_AUTOS = YES_AGGRESSIVE;
				GCC_WARN_UNUSED_FUNCTION = YES;
				GCC_WARN_UNUSED_VARIABLE = YES;
				IPHONEOS_DEPLOYMENT_TARGET = 15.5;
				MTL_ENABLE_DEBUG_INFO = NO;
				MTL_FAST_MATH = YES;
				SDKROOT = iphoneos;
				SWIFT_COMPILATION_MODE = wholemodule;
				SWIFT_OPTIMIZATION_LEVEL = "-O";
				VALIDATE_PRODUCT = YES;
			};
			name = Release;
		};
		524CA34928BFFEB100B7A9BC /* Debug */ = {
			isa = XCBuildConfiguration;
			buildSettings = {
				ASSETCATALOG_COMPILER_APPICON_NAME = AppIcon;
				ASSETCATALOG_COMPILER_GLOBAL_ACCENT_COLOR_NAME = AccentColor;
				CODE_SIGN_STYLE = Automatic;
				CURRENT_PROJECT_VERSION = 1;
				DEVELOPMENT_ASSET_PATHS = "\"Self Reflection/Preview Content\"";
				DEVELOPMENT_TEAM = QZ46JW4C9U;
				ENABLE_PREVIEWS = YES;
				GENERATE_INFOPLIST_FILE = YES;
				INFOPLIST_KEY_UIApplicationSceneManifest_Generation = YES;
				INFOPLIST_KEY_UIApplicationSupportsIndirectInputEvents = YES;
				INFOPLIST_KEY_UILaunchScreen_Generation = YES;
				INFOPLIST_KEY_UISupportedInterfaceOrientations_iPad = "UIInterfaceOrientationPortrait UIInterfaceOrientationPortraitUpsideDown UIInterfaceOrientationLandscapeLeft UIInterfaceOrientationLandscapeRight";
				INFOPLIST_KEY_UISupportedInterfaceOrientations_iPhone = "UIInterfaceOrientationPortrait UIInterfaceOrientationLandscapeLeft UIInterfaceOrientationLandscapeRight";
				LD_RUNPATH_SEARCH_PATHS = (
					"$(inherited)",
					"@executable_path/Frameworks",
				);
				MARKETING_VERSION = 1.0;
				PRODUCT_BUNDLE_IDENTIFIER = "mcantop.Self-Reflection";
				PRODUCT_NAME = "$(TARGET_NAME)";
				SWIFT_EMIT_LOC_STRINGS = YES;
				SWIFT_VERSION = 5.0;
				TARGETED_DEVICE_FAMILY = "1,2";
			};
			name = Debug;
		};
		524CA34A28BFFEB100B7A9BC /* Release */ = {
			isa = XCBuildConfiguration;
			buildSettings = {
				ASSETCATALOG_COMPILER_APPICON_NAME = AppIcon;
				ASSETCATALOG_COMPILER_GLOBAL_ACCENT_COLOR_NAME = AccentColor;
				CODE_SIGN_STYLE = Automatic;
				CURRENT_PROJECT_VERSION = 1;
				DEVELOPMENT_ASSET_PATHS = "\"Self Reflection/Preview Content\"";
				DEVELOPMENT_TEAM = QZ46JW4C9U;
				ENABLE_PREVIEWS = YES;
				GENERATE_INFOPLIST_FILE = YES;
				INFOPLIST_KEY_UIApplicationSceneManifest_Generation = YES;
				INFOPLIST_KEY_UIApplicationSupportsIndirectInputEvents = YES;
				INFOPLIST_KEY_UILaunchScreen_Generation = YES;
				INFOPLIST_KEY_UISupportedInterfaceOrientations_iPad = "UIInterfaceOrientationPortrait UIInterfaceOrientationPortraitUpsideDown UIInterfaceOrientationLandscapeLeft UIInterfaceOrientationLandscapeRight";
				INFOPLIST_KEY_UISupportedInterfaceOrientations_iPhone = "UIInterfaceOrientationPortrait UIInterfaceOrientationLandscapeLeft UIInterfaceOrientationLandscapeRight";
				LD_RUNPATH_SEARCH_PATHS = (
					"$(inherited)",
					"@executable_path/Frameworks",
				);
				MARKETING_VERSION = 1.0;
				PRODUCT_BUNDLE_IDENTIFIER = "mcantop.Self-Reflection";
				PRODUCT_NAME = "$(TARGET_NAME)";
				SWIFT_EMIT_LOC_STRINGS = YES;
				SWIFT_VERSION = 5.0;
				TARGETED_DEVICE_FAMILY = "1,2";
			};
			name = Release;
		};
/* End XCBuildConfiguration section */

/* Begin XCConfigurationList section */
		524CA33528BFFEB100B7A9BC /* Build configuration list for PBXProject "Self Reflection" */ = {
			isa = XCConfigurationList;
			buildConfigurations = (
				524CA34628BFFEB100B7A9BC /* Debug */,
				524CA34728BFFEB100B7A9BC /* Release */,
			);
			defaultConfigurationIsVisible = 0;
			defaultConfigurationName = Release;
		};
		524CA34828BFFEB100B7A9BC /* Build configuration list for PBXNativeTarget "Self Reflection" */ = {
			isa = XCConfigurationList;
			buildConfigurations = (
				524CA34928BFFEB100B7A9BC /* Debug */,
				524CA34A28BFFEB100B7A9BC /* Release */,
			);
			defaultConfigurationIsVisible = 0;
			defaultConfigurationName = Release;
		};
/* End XCConfigurationList section */
	};
	rootObject = 524CA33228BFFEB100B7A9BC /* Project object */;
}
